
Microsoft Visual Studio Solution File, Format Version 12.00
# Visual Studio 2012
Project("{FAE04EC0-301F-11D3-BF4B-00C04F79EFBC}") = "Template1", "Template1\Template1.csproj", "{CF4D9D53-5F25-42C5-BF15-38F7AD2233F8}"
EndProject
Global
	GlobalSection(SolutionConfigurationPlatforms) = preSolution
		Debug|Any CPU = Debug|Any CPU
		Release|Any CPU = Release|Any CPU
	EndGlobalSection
	GlobalSection(ProjectConfigurationPlatforms) = postSolution
		{CF4D9D53-5F25-42C5-BF15-38F7AD2233F8}.Debug|Any CPU.ActiveCfg = Debug|Any CPU
		{CF4D9D53-5F25-42C5-BF15-38F7AD2233F8}.Debug|Any CPU.Build.0 = Debug|Any CPU
		{CF4D9D53-5F25-42C5-BF15-38F7AD2233F8}.Release|Any CPU.ActiveCfg = Release|Any CPU
		{CF4D9D53-5F25-42C5-BF15-38F7AD2233F8}.Release|Any CPU.Build.0 = Release|Any CPU
	EndGlobalSection
	GlobalSection(SolutionProperties) = preSolution
		HideSolutionNode = FALSE
	EndGlobalSection
EndGlobal
